// !$*UTF8*$!
{
	archiveVersion = 1;
	classes = {
	};
	objectVersion = 46;
	objects = {

/* Begin PBXBuildFile section */
		F96AD7081D6A96C9000AE5A9 /* StickerPackExtension.appex in Embed App Extensions */ = {isa = PBXBuildFile; fileRef = F96AD7071D6A96C9000AE5A9 /* StickerPackExtension.appex */; settings = {ATTRIBUTES = (RemoveHeadersOnCopy, ); }; };
		F96AD70C1D6A96C9000AE5A9 /* Stickers.xcstickers in Resources */ = {isa = PBXBuildFile; fileRef = F96AD70B1D6A96C9000AE5A9 /* Stickers.xcstickers */; };
		F96AD70D1D6A96C9000AE5A9 /* Stickers.xcstickers in Resources */ = {isa = PBXBuildFile; fileRef = F96AD70B1D6A96C9000AE5A9 /* Stickers.xcstickers */; };
/* End PBXBuildFile section */

/* Begin PBXContainerItemProxy section */
		F96AD7091D6A96C9000AE5A9 /* PBXContainerItemProxy */ = {
			isa = PBXContainerItemProxy;
			containerPortal = F96AD6FD1D6A96C9000AE5A9 /* Project object */;
			proxyType = 1;
			remoteGlobalIDString = F96AD7061D6A96C9000AE5A9;
			remoteInfo = StickerPackExtension;
		};
/* End PBXContainerItemProxy section */

/* Begin PBXCopyFilesBuildPhase section */
		F96AD7131D6A96C9000AE5A9 /* Embed App Extensions */ = {
			isa = PBXCopyFilesBuildPhase;
			buildActionMask = 2147483647;
			dstPath = "";
			dstSubfolderSpec = 13;
			files = (
				F96AD7081D6A96C9000AE5A9 /* StickerPackExtension.appex in Embed App Extensions */,
			);
			name = "Embed App Extensions";
			runOnlyForDeploymentPostprocessing = 0;
		};
/* End PBXCopyFilesBuildPhase section */

/* Begin PBXFileReference section */
		F96AD7031D6A96C9000AE5A9 /* 2ndstickers.app */ = {isa = PBXFileReference; explicitFileType = wrapper.application; includeInIndex = 0; path = 2ndstickers.app; sourceTree = BUILT_PRODUCTS_DIR; };
		F96AD7071D6A96C9000AE5A9 /* StickerPackExtension.appex */ = {isa = PBXFileReference; explicitFileType = "wrapper.app-extension"; includeInIndex = 0; path = StickerPackExtension.appex; sourceTree = BUILT_PRODUCTS_DIR; };
		F96AD70B1D6A96C9000AE5A9 /* Stickers.xcstickers */ = {isa = PBXFileReference; lastKnownFileType = folder.stickers; name = Stickers.xcstickers; path = StickerPackExtension/Stickers.xcstickers; sourceTree = "<group>"; };
/* End PBXFileReference section */

/* Begin PBXGroup section */
		F96AD6FC1D6A96C9000AE5A9 = {
			isa = PBXGroup;
			children = (
				F96AD70B1D6A96C9000AE5A9 /* Stickers.xcstickers */,
				F96AD7041D6A96C9000AE5A9 /* Products */,
			);
			sourceTree = "<group>";
		};
		F96AD7041D6A96C9000AE5A9 /* Products */ = {
			isa = PBXGroup;
			children = (
				F96AD7031D6A96C9000AE5A9 /* 2ndstickers.app */,
				F96AD7071D6A96C9000AE5A9 /* StickerPackExtension.appex */,
			);
			name = Products;
			sourceTree = "<group>";
		};
/* End PBXGroup section */

/* Begin PBXNativeTarget section */
		F96AD7021D6A96C9000AE5A9 /* 2ndstickers */ = {
			isa = PBXNativeTarget;
			buildConfigurationList = F96AD7141D6A96C9000AE5A9 /* Build configuration list for PBXNativeTarget "2ndstickers" */;
			buildPhases = (
				F96AD7011D6A96C9000AE5A9 /* Resources */,
				F96AD7131D6A96C9000AE5A9 /* Embed App Extensions */,
			);
			buildRules = (
			);
			dependencies = (
				F96AD70A1D6A96C9000AE5A9 /* PBXTargetDependency */,
			);
			name = 2ndstickers;
			productName = 2ndstickers;
			productReference = F96AD7031D6A96C9000AE5A9 /* 2ndstickers.app */;
			productType = "com.apple.product-type.application.messages";
		};
		F96AD7061D6A96C9000AE5A9 /* StickerPackExtension */ = {
			isa = PBXNativeTarget;
			buildConfigurationList = F96AD7101D6A96C9000AE5A9 /* Build configuration list for PBXNativeTarget "StickerPackExtension" */;
			buildPhases = (
				F96AD7051D6A96C9000AE5A9 /* Resources */,
			);
			buildRules = (
			);
			dependencies = (
			);
			name = StickerPackExtension;
			productName = StickerPackExtension;
			productReference = F96AD7071D6A96C9000AE5A9 /* StickerPackExtension.appex */;
			productType = "com.apple.product-type.app-extension.messages-sticker-pack";
		};
/* End PBXNativeTarget section */

/* Begin PBXProject section */
		F96AD6FD1D6A96C9000AE5A9 /* Project object */ = {
			isa = PBXProject;
			attributes = {
				LastUpgradeCheck = 0800;
				ORGANIZATIONNAME = "uiux.biz LLC";
				TargetAttributes = {
					F96AD7021D6A96C9000AE5A9 = {
						CreatedOnToolsVersion = 8.0;
						DevelopmentTeam = 2V2L23X322;
						ProvisioningStyle = Automatic;
					};
					F96AD7061D6A96C9000AE5A9 = {
						CreatedOnToolsVersion = 8.0;
						DevelopmentTeam = 2V2L23X322;
						ProvisioningStyle = Automatic;
					};
				};
			};
			buildConfigurationList = F96AD7001D6A96C9000AE5A9 /* Build configuration list for PBXProject "2ndstickers" */;
			compatibilityVersion = "Xcode 3.2";
			developmentRegion = English;
			hasScannedForEncodings = 0;
			knownRegions = (
				en,
			);
			mainGroup = F96AD6FC1D6A96C9000AE5A9;
			productRefGroup = F96AD7041D6A96C9000AE5A9 /* Products */;
			projectDirPath = "";
			projectRoot = "";
			targets = (
				F96AD7021D6A96C9000AE5A9 /* 2ndstickers */,
				F96AD7061D6A96C9000AE5A9 /* StickerPackExtension */,
			);
		};
/* End PBXProject section */

/* Begin PBXResourcesBuildPhase section */
		F96AD7011D6A96C9000AE5A9 /* Resources */ = {
			isa = PBXResourcesBuildPhase;
			buildActionMask = 2147483647;
			files = (
				F96AD70D1D6A96C9000AE5A9 /* Stickers.xcstickers in Resources */,
			);
			runOnlyForDeploymentPostprocessing = 0;
		};
		F96AD7051D6A96C9000AE5A9 /* Resources */ = {
			isa = PBXResourcesBuildPhase;
			buildActionMask = 2147483647;
			files = (
				F96AD70C1D6A96C9000AE5A9 /* Stickers.xcstickers in Resources */,
			);
			runOnlyForDeploymentPostprocessing = 0;
		};
/* End PBXResourcesBuildPhase section */

/* Begin PBXTargetDependency section */
		F96AD70A1D6A96C9000AE5A9 /* PBXTargetDependency */ = {
			isa = PBXTargetDependency;
			target = F96AD7061D6A96C9000AE5A9 /* StickerPackExtension */;
			targetProxy = F96AD7091D6A96C9000AE5A9 /* PBXContainerItemProxy */;
		};
/* End PBXTargetDependency section */

/* Begin XCBuildConfiguration section */
		F96AD70E1D6A96C9000AE5A9 /* Debug */ = {
			isa = XCBuildConfiguration;
			buildSettings = {
				ALWAYS_SEARCH_USER_PATHS = NO;
				CLANG_ANALYZER_NONNULL = YES;
				CLANG_CXX_LANGUAGE_STANDARD = "gnu++0x";
				CLANG_CXX_LIBRARY = "libc++";
				CLANG_ENABLE_MODULES = YES;
				CLANG_ENABLE_OBJC_ARC = YES;
				CLANG_WARN_BOOL_CONVERSION = YES;
				CLANG_WARN_CONSTANT_CONVERSION = YES;
				CLANG_WARN_DIRECT_OBJC_ISA_USAGE = YES_ERROR;
				CLANG_WARN_DOCUMENTATION_COMMENTS = YES;
				CLANG_WARN_EMPTY_BODY = YES;
				CLANG_WARN_ENUM_CONVERSION = YES;
				CLANG_WARN_INFINITE_RECURSION = YES;
				CLANG_WARN_INT_CONVERSION = YES;
				CLANG_WARN_OBJC_ROOT_CLASS = YES_ERROR;
				CLANG_WARN_SUSPICIOUS_MOVES = YES;
				CLANG_WARN_UNREACHABLE_CODE = YES;
				CLANG_WARN__DUPLICATE_METHOD_MATCH = YES;
				"CODE_SIGN_IDENTITY[sdk=iphoneos*]" = "iPhone Developer";
				COPY_PHASE_STRIP = NO;
				DEBUG_INFORMATION_FORMAT = dwarf;
				ENABLE_STRICT_OBJC_MSGSEND = YES;
				ENABLE_TESTABILITY = YES;
				GCC_C_LANGUAGE_STANDARD = gnu99;
				GCC_DYNAMIC_NO_PIC = NO;
				GCC_NO_COMMON_BLOCKS = YES;
				GCC_OPTIMIZATION_LEVEL = 0;
				GCC_PREPROCESSOR_DEFINITIONS = (
					"DEBUG=1",
					"$(inherited)",
				);
				GCC_WARN_64_TO_32_BIT_CONVERSION = YES;
				GCC_WARN_ABOUT_RETURN_TYPE = YES_ERROR;
				GCC_WARN_UNDECLARED_SELECTOR = YES;
				GCC_WARN_UNINITIALIZED_AUTOS = YES_AGGRESSIVE;
				GCC_WARN_UNUSED_FUNCTION = YES;
				GCC_WARN_UNUSED_VARIABLE = YES;
				IPHONEOS_DEPLOYMENT_TARGET = 10.0;
				MTL_ENABLE_DEBUG_INFO = YES;
				ONLY_ACTIVE_ARCH = YES;
				SDKROOT = iphoneos;
			};
			name = Debug;
		};
		F96AD70F1D6A96C9000AE5A9 /* Release */ = {
			isa = XCBuildConfiguration;
			buildSettings = {
				ALWAYS_SEARCH_USER_PATHS = NO;
				CLANG_ANALYZER_NONNULL = YES;
				CLANG_CXX_LANGUAGE_STANDARD = "gnu++0x";
				CLANG_CXX_LIBRARY = "libc++";
				CLANG_ENABLE_MODULES = YES;
				CLANG_ENABLE_OBJC_ARC = YES;
				CLANG_WARN_BOOL_CONVERSION = YES;
				CLANG_WARN_CONSTANT_CONVERSION = YES;
				CLANG_WARN_DIRECT_OBJC_ISA_USAGE = YES_ERROR;
				CLANG_WARN_DOCUMENTATION_COMMENTS = YES;
				CLANG_WARN_EMPTY_BODY = YES;
				CLANG_WARN_ENUM_CONVERSION = YES;
				CLANG_WARN_INFINITE_RECURSION = YES;
				CLANG_WARN_INT_CONVERSION = YES;
				CLANG_WARN_OBJC_ROOT_CLASS = YES_ERROR;
				CLANG_WARN_SUSPICIOUS_MOVES = YES;
				CLANG_WARN_UNREACHABLE_CODE = YES;
				CLANG_WARN__DUPLICATE_METHOD_MATCH = YES;
				"CODE_SIGN_IDENTITY[sdk=iphoneos*]" = "iPhone Developer";
				COPY_PHASE_STRIP = NO;
				DEBUG_INFORMATION_FORMAT = "dwarf-with-dsym";
				ENABLE_NS_ASSERTIONS = NO;
				ENABLE_STRICT_OBJC_MSGSEND = YES;
				GCC_C_LANGUAGE_STANDARD = gnu99;
				GCC_NO_COMMON_BLOCKS = YES;
				GCC_WARN_64_TO_32_BIT_CONVERSION = YES;
				GCC_WARN_ABOUT_RETURN_TYPE = YES_ERROR;
				GCC_WARN_UNDECLARED_SELECTOR = YES;
				GCC_WARN_UNINITIALIZED_AUTOS = YES_AGGRESSIVE;
				GCC_WARN_UNUSED_FUNCTION = YES;
				GCC_WARN_UNUSED_VARIABLE = YES;
				IPHONEOS_DEPLOYMENT_TARGET = 10.0;
				MTL_ENABLE_DEBUG_INFO = NO;
				SDKROOT = iphoneos;
				VALIDATE_PRODUCT = YES;
			};
			name = Release;
		};
		F96AD7111D6A96C9000AE5A9 /* Debug */ = {
			isa = XCBuildConfiguration;
			buildSettings = {
				ASSETCATALOG_COMPILER_APPICON_NAME = "iMessage App Icon";
				DEVELOPMENT_TEAM = 2V2L23X322;
				INFOPLIST_FILE = StickerPackExtension/Info.plist;
				PRODUCT_BUNDLE_IDENTIFIER = "com.uiux.-ndstickers.StickerPackExtension";
				PRODUCT_NAME = "$(TARGET_NAME)";
				SKIP_INSTALL = YES;
			};
			name = Debug;
		};
		F96AD7121D6A96C9000AE5A9 /* Release */ = {
			isa = XCBuildConfiguration;
			buildSettings = {
				ASSETCATALOG_COMPILER_APPICON_NAME = "iMessage App Icon";
				DEVELOPMENT_TEAM = 2V2L23X322;
				INFOPLIST_FILE = StickerPackExtension/Info.plist;
				PRODUCT_BUNDLE_IDENTIFIER = "com.uiux.-ndstickers.StickerPackExtension";
				PRODUCT_NAME = "$(TARGET_NAME)";
				SKIP_INSTALL = YES;
			};
			name = Release;
		};
		F96AD7151D6A96C9000AE5A9 /* Debug */ = {
			isa = XCBuildConfiguration;
			buildSettings = {
				ASSETCATALOG_COMPILER_APPICON_NAME = "iMessage App Icon";
				DEVELOPMENT_TEAM = 2V2L23X322;
				INFOPLIST_FILE = 2ndstickers/Info.plist;
				PRODUCT_BUNDLE_IDENTIFIER = "com.uiux.-ndstickers";
				PRODUCT_NAME = "$(TARGET_NAME)";
				TARGETED_DEVICE_FAMILY = "1,2";
			};
			name = Debug;
		};
		F96AD7161D6A96C9000AE5A9 /* Release */ = {
			isa = XCBuildConfiguration;
			buildSettings = {
				ASSETCATALOG_COMPILER_APPICON_NAME = "iMessage App Icon";
				DEVELOPMENT_TEAM = 2V2L23X322;
				INFOPLIST_FILE = 2ndstickers/Info.plist;
				PRODUCT_BUNDLE_IDENTIFIER = "com.uiux.-ndstickers";
				PRODUCT_NAME = "$(TARGET_NAME)";
				TARGETED_DEVICE_FAMILY = "1,2";
			};
			name = Release;
		};
/* End XCBuildConfiguration section */

/* Begin XCConfigurationList section */
		F96AD7001D6A96C9000AE5A9 /* Build configuration list for PBXProject "2ndstickers" */ = {
			isa = XCConfigurationList;
			buildConfigurations = (
				F96AD70E1D6A96C9000AE5A9 /* Debug */,
				F96AD70F1D6A96C9000AE5A9 /* Release */,
			);
			defaultConfigurationIsVisible = 0;
			defaultConfigurationName = Release;
		};
		F96AD7101D6A96C9000AE5A9 /* Build configuration list for PBXNativeTarget "StickerPackExtension" */ = {
			isa = XCConfigurationList;
			buildConfigurations = (
				F96AD7111D6A96C9000AE5A9 /* Debug */,
				F96AD7121D6A96C9000AE5A9 /* Release */,
			);
			defaultConfigurationIsVisible = 0;
		};
		F96AD7141D6A96C9000AE5A9 /* Build configuration list for PBXNativeTarget "2ndstickers" */ = {
			isa = XCConfigurationList;
			buildConfigurations = (
				F96AD7151D6A96C9000AE5A9 /* Debug */,
				F96AD7161D6A96C9000AE5A9 /* Release */,
			);
			defaultConfigurationIsVisible = 0;
		};
/* End XCConfigurationList section */
	};
	rootObject = F96AD6FD1D6A96C9000AE5A9 /* Project object */;
}
